
Microsoft Visual Studio Solution File, Format Version 12.00
# Visual Studio Version 16
VisualStudioVersion = 16.0.29709.97
MinimumVisualStudioVersion = 10.0.40219.1
Project("{FAE04EC0-301F-11D3-BF4B-00C04F79EFBC}") = "C8", "C8.csproj", "{D70C1CA1-F243-45D0-BB92-208B4325992C}"
EndProject
Global
	GlobalSection(SolutionConfigurationPlatforms) = preSolution
		Debug|Any CPU = Debug|Any CPU
		Release|Any CPU = Release|Any CPU
	EndGlobalSection
	GlobalSection(ProjectConfigurationPlatforms) = postSolution
		{D70C1CA1-F243-45D0-BB92-208B4325992C}.Debug|Any CPU.ActiveCfg = Debug|Any CPU
		{D70C1CA1-F243-45D0-BB92-208B4325992C}.Debug|Any CPU.Build.0 = Debug|Any CPU
		{D70C1CA1-F243-45D0-BB92-208B4325992C}.Release|Any CPU.ActiveCfg = Release|Any CPU
		{D70C1CA1-F243-45D0-BB92-208B4325992C}.Release|Any CPU.Build.0 = Release|Any CPU
	EndGlobalSection
	GlobalSection(SolutionProperties) = preSolution
		HideSolutionNode = FALSE
	EndGlobalSection
	GlobalSection(ExtensibilityGlobals) = postSolution
		SolutionGuid = {1D5138E8-1423-4B8C-8ADB-8923EB34FD84}
	EndGlobalSection
EndGlobal
